# This file was autogenerated by Stack.
# You should not edit this file by hand.
# For more information, please see the documentation at:
#   https://docs.haskellstack.org/en/stable/lock_files

packages:
- completed:
    hackage: graphql-0.11.1.0@sha256:146066c0c9b9dd4c2f46d02be5f923997ec6d03b67cc60f6b6d074f5b3ce3b19,3483
    pantry-tree:
      size: 3034
      sha256: 7e77d88aa973f6ae51409858611b440276df1ba458d3b8211099686a74391c3d
  original:
    hackage: graphql-0.11.1.0@sha256:146066c0c9b9dd4c2f46d02be5f923997ec6d03b67cc60f6b6d074f5b3ce3b19,3483
- completed:
    hackage: mu-graphql-0.5.0.2@sha256:92d5dcdc8564debc7e60b4f902ef8d61aeea7dcdc6e07bf03e55eb1d4e0fd7d8,2713
    pantry-tree:
      size: 914
      sha256: 672ebb227827ce2b19583cd98749c598ea4f39a75bcd931d940878682fc5b31b
  original:
    hackage: mu-graphql-0.5.0.2@sha256:92d5dcdc8564debc7e60b4f902ef8d61aeea7dcdc6e07bf03e55eb1d4e0fd7d8,2713
- completed:
    hackage: mu-rpc-0.5.0.1@sha256:6ff07f30d3d8283c71852cb1fa952c9e34a7108b619ec4a92619a96835912f88,1391
    pantry-tree:
      size: 445
      sha256: bce492cc34a5da696f53482020a216566c053e19091ec779a0b21e1899a74f13
  original:
    hackage: mu-rpc-0.5.0.1@sha256:6ff07f30d3d8283c71852cb1fa952c9e34a7108b619ec4a92619a96835912f88,1391
- completed:
    hackage: mu-schema-0.3.1.2@sha256:c05e58de29d50376638d19dd3357cd3644d39f984664484f3568d5305b3034d9,1933
    pantry-tree:
      size: 1061
      sha256: 07d5d0ab3fc6db8e7492311caacbd92f33a343fd173cb51d2915522b3aea8073
  original:
    hackage: mu-schema-0.3.1.2@sha256:c05e58de29d50376638d19dd3357cd3644d39f984664484f3568d5305b3034d9,1933
snapshots:
- completed:
    size: 567675
    url: https://raw.githubusercontent.com/commercialhaskell/stackage-snapshots/master/lts/17/13.yaml
    sha256: 84fa3ab606af79b1239ec213e8db5d49e4857f461eda9ac61fe589c967643b7d
  original:
    url: https://raw.githubusercontent.com/commercialhaskell/stackage-snapshots/master/lts/17/13.yaml
